// !$*UTF8*$!
{
	archiveVersion = 1;
	classes = {
	};
	objectVersion = 56;
	objects = {

/* Begin PBXBuildFile section */
		91A3872F2C44F45C00741F37 /* Error.swift in Sources */ = {isa = PBXBuildFile; fileRef = 91A3872E2C44F45C00741F37 /* Error.swift */; };
		91A76F6C2C3BC66B006BAF64 /* ArrayUtils.swift in Sources */ = {isa = PBXBuildFile; fileRef = 91A76F6B2C3BC66B006BAF64 /* ArrayUtils.swift */; };
		91A76F6E2C3CE244006BAF64 /* GameModeGeneratorView.swift in Sources */ = {isa = PBXBuildFile; fileRef = 91A76F6D2C3CE244006BAF64 /* GameModeGeneratorView.swift */; };
		91A76F722C3D2FEB006BAF64 /* VillainGeneratorView.swift in Sources */ = {isa = PBXBuildFile; fileRef = 91A76F712C3D2FEB006BAF64 /* VillainGeneratorView.swift */; };
		91A76F842C3E85F1006BAF64 /* DataType.swift in Sources */ = {isa = PBXBuildFile; fileRef = 91A76F832C3E85F1006BAF64 /* DataType.swift */; };
		91A76F862C3E862D006BAF64 /* SelectionList.swift in Sources */ = {isa = PBXBuildFile; fileRef = 91A76F852C3E862D006BAF64 /* SelectionList.swift */; };
		91A76F882C3E8BCA006BAF64 /* DataUtil.swift in Sources */ = {isa = PBXBuildFile; fileRef = 91A76F872C3E8BCA006BAF64 /* DataUtil.swift */; };
		91B8D8D42C2D5EC9007324A2 /* MarvelUnitedRandomGeneratorApp.swift in Sources */ = {isa = PBXBuildFile; fileRef = 91B8D8D32C2D5EC9007324A2 /* MarvelUnitedRandomGeneratorApp.swift */; };
		91B8D8DA2C2D5ECA007324A2 /* Assets.xcassets in Resources */ = {isa = PBXBuildFile; fileRef = 91B8D8D92C2D5ECA007324A2 /* Assets.xcassets */; };
		91B8D8DD2C2D5ECA007324A2 /* Preview Assets.xcassets in Resources */ = {isa = PBXBuildFile; fileRef = 91B8D8DC2C2D5ECA007324A2 /* Preview Assets.xcassets */; };
		91B8D8F42C33E267007324A2 /* MainView.swift in Sources */ = {isa = PBXBuildFile; fileRef = 91B8D8F32C33E267007324A2 /* MainView.swift */; };
		91B8D8F62C33E29C007324A2 /* AlertHandler.swift in Sources */ = {isa = PBXBuildFile; fileRef = 91B8D8F52C33E29C007324A2 /* AlertHandler.swift */; };
		91B8D8F82C33EB09007324A2 /* Hero.swift in Sources */ = {isa = PBXBuildFile; fileRef = 91B8D8F72C33EB08007324A2 /* Hero.swift */; };
		91B8D9012C33F41A007324A2 /* Villain.swift in Sources */ = {isa = PBXBuildFile; fileRef = 91B8D9002C33F41A007324A2 /* Villain.swift */; };
		91B8D9032C33F456007324A2 /* Campaign.swift in Sources */ = {isa = PBXBuildFile; fileRef = 91B8D9022C33F456007324A2 /* Campaign.swift */; };
		91B8D9052C33F472007324A2 /* Companion.swift in Sources */ = {isa = PBXBuildFile; fileRef = 91B8D9042C33F472007324A2 /* Companion.swift */; };
		91B8D9072C33F489007324A2 /* TeamDeck.swift in Sources */ = {isa = PBXBuildFile; fileRef = 91B8D9062C33F489007324A2 /* TeamDeck.swift */; };
		91B8D9092C33F4A3007324A2 /* Location.swift in Sources */ = {isa = PBXBuildFile; fileRef = 91B8D9082C33F4A3007324A2 /* Location.swift */; };
		91B8D90C2C33F516007324A2 /* GameMode.swift in Sources */ = {isa = PBXBuildFile; fileRef = 91B8D90B2C33F516007324A2 /* GameMode.swift */; };
		91B8D90E2C3405F0007324A2 /* ItemView.swift in Sources */ = {isa = PBXBuildFile; fileRef = 91B8D90D2C3405F0007324A2 /* ItemView.swift */; };
		91B8D9102C34060E007324A2 /* ListView.swift in Sources */ = {isa = PBXBuildFile; fileRef = 91B8D90F2C34060E007324A2 /* ListView.swift */; };
		91B8D9122C340628007324A2 /* GeneratorView.swift in Sources */ = {isa = PBXBuildFile; fileRef = 91B8D9112C340628007324A2 /* GeneratorView.swift */; };
		91B8D9152C34EC8B007324A2 /* SubListView.swift in Sources */ = {isa = PBXBuildFile; fileRef = 91B8D9142C34EC8B007324A2 /* SubListView.swift */; };
		91B8D9172C34ED3D007324A2 /* Data.swift in Sources */ = {isa = PBXBuildFile; fileRef = 91B8D9162C34ED3D007324A2 /* Data.swift */; };
		91B8D91C2C3541D0007324A2 /* LoadingHanlder.swift in Sources */ = {isa = PBXBuildFile; fileRef = 91B8D91B2C3541D0007324A2 /* LoadingHanlder.swift */; };
		91B8D9232C3789AF007324A2 /* PreviewModelContainer.swift in Sources */ = {isa = PBXBuildFile; fileRef = 91B8D9222C3789AF007324A2 /* PreviewModelContainer.swift */; };
		91B8D9282C379D42007324A2 /* LocationGeneratorView.swift in Sources */ = {isa = PBXBuildFile; fileRef = 91B8D9272C379D42007324A2 /* LocationGeneratorView.swift */; };
		91B8D92A2C37CDCC007324A2 /* HeroGeneratorView.swift in Sources */ = {isa = PBXBuildFile; fileRef = 91B8D9292C37CDCC007324A2 /* HeroGeneratorView.swift */; };
/* End PBXBuildFile section */

/* Begin PBXFileReference section */
		91A3872E2C44F45C00741F37 /* Error.swift */ = {isa = PBXFileReference; lastKnownFileType = sourcecode.swift; path = Error.swift; sourceTree = "<group>"; };
		91A76F6B2C3BC66B006BAF64 /* ArrayUtils.swift */ = {isa = PBXFileReference; lastKnownFileType = sourcecode.swift; path = ArrayUtils.swift; sourceTree = "<group>"; };
		91A76F6D2C3CE244006BAF64 /* GameModeGeneratorView.swift */ = {isa = PBXFileReference; lastKnownFileType = sourcecode.swift; path = GameModeGeneratorView.swift; sourceTree = "<group>"; };
		91A76F712C3D2FEB006BAF64 /* VillainGeneratorView.swift */ = {isa = PBXFileReference; lastKnownFileType = sourcecode.swift; path = VillainGeneratorView.swift; sourceTree = "<group>"; };
		91A76F832C3E85F1006BAF64 /* DataType.swift */ = {isa = PBXFileReference; lastKnownFileType = sourcecode.swift; path = DataType.swift; sourceTree = "<group>"; };
		91A76F852C3E862D006BAF64 /* SelectionList.swift */ = {isa = PBXFileReference; lastKnownFileType = sourcecode.swift; path = SelectionList.swift; sourceTree = "<group>"; };
		91A76F872C3E8BCA006BAF64 /* DataUtil.swift */ = {isa = PBXFileReference; lastKnownFileType = sourcecode.swift; path = DataUtil.swift; sourceTree = "<group>"; };
		91B8D8D02C2D5EC9007324A2 /* MarvelUnitedRandomGenerator.app */ = {isa = PBXFileReference; explicitFileType = wrapper.application; includeInIndex = 0; path = MarvelUnitedRandomGenerator.app; sourceTree = BUILT_PRODUCTS_DIR; };
		91B8D8D32C2D5EC9007324A2 /* MarvelUnitedRandomGeneratorApp.swift */ = {isa = PBXFileReference; lastKnownFileType = sourcecode.swift; path = MarvelUnitedRandomGeneratorApp.swift; sourceTree = "<group>"; };
		91B8D8D92C2D5ECA007324A2 /* Assets.xcassets */ = {isa = PBXFileReference; lastKnownFileType = folder.assetcatalog; path = Assets.xcassets; sourceTree = "<group>"; };
		91B8D8DC2C2D5ECA007324A2 /* Preview Assets.xcassets */ = {isa = PBXFileReference; lastKnownFileType = folder.assetcatalog; path = "Preview Assets.xcassets"; sourceTree = "<group>"; };
		91B8D8F32C33E267007324A2 /* MainView.swift */ = {isa = PBXFileReference; lastKnownFileType = sourcecode.swift; path = MainView.swift; sourceTree = "<group>"; };
		91B8D8F52C33E29C007324A2 /* AlertHandler.swift */ = {isa = PBXFileReference; lastKnownFileType = sourcecode.swift; path = AlertHandler.swift; sourceTree = "<group>"; };
		91B8D8F72C33EB08007324A2 /* Hero.swift */ = {isa = PBXFileReference; lastKnownFileType = sourcecode.swift; path = Hero.swift; sourceTree = "<group>"; };
		91B8D9002C33F41A007324A2 /* Villain.swift */ = {isa = PBXFileReference; lastKnownFileType = sourcecode.swift; path = Villain.swift; sourceTree = "<group>"; };
		91B8D9022C33F456007324A2 /* Campaign.swift */ = {isa = PBXFileReference; lastKnownFileType = sourcecode.swift; path = Campaign.swift; sourceTree = "<group>"; };
		91B8D9042C33F472007324A2 /* Companion.swift */ = {isa = PBXFileReference; lastKnownFileType = sourcecode.swift; path = Companion.swift; sourceTree = "<group>"; };
		91B8D9062C33F489007324A2 /* TeamDeck.swift */ = {isa = PBXFileReference; lastKnownFileType = sourcecode.swift; path = TeamDeck.swift; sourceTree = "<group>"; };
		91B8D9082C33F4A3007324A2 /* Location.swift */ = {isa = PBXFileReference; lastKnownFileType = sourcecode.swift; path = Location.swift; sourceTree = "<group>"; };
		91B8D90B2C33F516007324A2 /* GameMode.swift */ = {isa = PBXFileReference; lastKnownFileType = sourcecode.swift; path = GameMode.swift; sourceTree = "<group>"; };
		91B8D90D2C3405F0007324A2 /* ItemView.swift */ = {isa = PBXFileReference; lastKnownFileType = sourcecode.swift; path = ItemView.swift; sourceTree = "<group>"; };
		91B8D90F2C34060E007324A2 /* ListView.swift */ = {isa = PBXFileReference; lastKnownFileType = sourcecode.swift; path = ListView.swift; sourceTree = "<group>"; };
		91B8D9112C340628007324A2 /* GeneratorView.swift */ = {isa = PBXFileReference; lastKnownFileType = sourcecode.swift; path = GeneratorView.swift; sourceTree = "<group>"; };
		91B8D9142C34EC8B007324A2 /* SubListView.swift */ = {isa = PBXFileReference; lastKnownFileType = sourcecode.swift; path = SubListView.swift; sourceTree = "<group>"; };
		91B8D9162C34ED3D007324A2 /* Data.swift */ = {isa = PBXFileReference; lastKnownFileType = sourcecode.swift; path = Data.swift; sourceTree = "<group>"; };
		91B8D91B2C3541D0007324A2 /* LoadingHanlder.swift */ = {isa = PBXFileReference; lastKnownFileType = sourcecode.swift; path = LoadingHanlder.swift; sourceTree = "<group>"; };
		91B8D9222C3789AF007324A2 /* PreviewModelContainer.swift */ = {isa = PBXFileReference; lastKnownFileType = sourcecode.swift; path = PreviewModelContainer.swift; sourceTree = "<group>"; };
		91B8D9272C379D42007324A2 /* LocationGeneratorView.swift */ = {isa = PBXFileReference; lastKnownFileType = sourcecode.swift; path = LocationGeneratorView.swift; sourceTree = "<group>"; };
		91B8D9292C37CDCC007324A2 /* HeroGeneratorView.swift */ = {isa = PBXFileReference; lastKnownFileType = sourcecode.swift; path = HeroGeneratorView.swift; sourceTree = "<group>"; };
/* End PBXFileReference section */

/* Begin PBXFrameworksBuildPhase section */
		91B8D8CD2C2D5EC9007324A2 /* Frameworks */ = {
			isa = PBXFrameworksBuildPhase;
			buildActionMask = 2147483647;
			files = (
			);
			runOnlyForDeploymentPostprocessing = 0;
		};
/* End PBXFrameworksBuildPhase section */

/* Begin PBXGroup section */
		91A76F782C3E7D98006BAF64 /* Components */ = {
			isa = PBXGroup;
			children = (
				91A76F852C3E862D006BAF64 /* SelectionList.swift */,
			);
			path = Components;
			sourceTree = "<group>";
		};
		91A76F802C3E83DD006BAF64 /* Enum */ = {
			isa = PBXGroup;
			children = (
				91B8D9162C34ED3D007324A2 /* Data.swift */,
				91B8D90B2C33F516007324A2 /* GameMode.swift */,
				91A3872E2C44F45C00741F37 /* Error.swift */,
			);
			path = Enum;
			sourceTree = "<group>";
		};
		91B8D8C72C2D5EC9007324A2 = {
			isa = PBXGroup;
			children = (
				91B8D8D22C2D5EC9007324A2 /* MarvelUnitedRandomGenerator */,
				91B8D8D12C2D5EC9007324A2 /* Products */,
			);
			sourceTree = "<group>";
		};
		91B8D8D12C2D5EC9007324A2 /* Products */ = {
			isa = PBXGroup;
			children = (
				91B8D8D02C2D5EC9007324A2 /* MarvelUnitedRandomGenerator.app */,
			);
			name = Products;
			sourceTree = "<group>";
		};
		91B8D8D22C2D5EC9007324A2 /* MarvelUnitedRandomGenerator */ = {
			isa = PBXGroup;
			children = (
				91A76F802C3E83DD006BAF64 /* Enum */,
				91A76F782C3E7D98006BAF64 /* Components */,
				91B8D90A2C33F50A007324A2 /* Types */,
				91B8D8F22C33E258007324A2 /* Views */,
				91B8D8F12C33E248007324A2 /* Utils */,
				91B8D8F02C33E243007324A2 /* Datas */,
				91B8D8D32C2D5EC9007324A2 /* MarvelUnitedRandomGeneratorApp.swift */,
				91B8D8D92C2D5ECA007324A2 /* Assets.xcassets */,
				91B8D8DB2C2D5ECA007324A2 /* Preview Content */,
			);
			path = MarvelUnitedRandomGenerator;
			sourceTree = "<group>";
		};
		91B8D8DB2C2D5ECA007324A2 /* Preview Content */ = {
			isa = PBXGroup;
			children = (
				91B8D9222C3789AF007324A2 /* PreviewModelContainer.swift */,
				91B8D8DC2C2D5ECA007324A2 /* Preview Assets.xcassets */,
			);
			path = "Preview Content";
			sourceTree = "<group>";
		};
		91B8D8F02C33E243007324A2 /* Datas */ = {
			isa = PBXGroup;
			children = (
				91B8D8F72C33EB08007324A2 /* Hero.swift */,
				91B8D9002C33F41A007324A2 /* Villain.swift */,
				91B8D9022C33F456007324A2 /* Campaign.swift */,
				91B8D9042C33F472007324A2 /* Companion.swift */,
				91B8D9062C33F489007324A2 /* TeamDeck.swift */,
				91B8D9082C33F4A3007324A2 /* Location.swift */,
			);
			path = Datas;
			sourceTree = "<group>";
		};
		91B8D8F12C33E248007324A2 /* Utils */ = {
			isa = PBXGroup;
			children = (
				91B8D8F52C33E29C007324A2 /* AlertHandler.swift */,
				91B8D91B2C3541D0007324A2 /* LoadingHanlder.swift */,
				91A76F6B2C3BC66B006BAF64 /* ArrayUtils.swift */,
				91A76F872C3E8BCA006BAF64 /* DataUtil.swift */,
			);
			path = Utils;
			sourceTree = "<group>";
		};
		91B8D8F22C33E258007324A2 /* Views */ = {
			isa = PBXGroup;
			children = (
				91B8D9262C379D27007324A2 /* Generator */,
				91B8D8F32C33E267007324A2 /* MainView.swift */,
				91B8D90D2C3405F0007324A2 /* ItemView.swift */,
				91B8D90F2C34060E007324A2 /* ListView.swift */,
				91B8D9112C340628007324A2 /* GeneratorView.swift */,
				91B8D9142C34EC8B007324A2 /* SubListView.swift */,
			);
			path = Views;
			sourceTree = "<group>";
		};
		91B8D90A2C33F50A007324A2 /* Types */ = {
			isa = PBXGroup;
			children = (
				91A76F832C3E85F1006BAF64 /* DataType.swift */,
			);
			path = Types;
			sourceTree = "<group>";
		};
		91B8D9262C379D27007324A2 /* Generator */ = {
			isa = PBXGroup;
			children = (
				91B8D9272C379D42007324A2 /* LocationGeneratorView.swift */,
				91B8D9292C37CDCC007324A2 /* HeroGeneratorView.swift */,
				91A76F6D2C3CE244006BAF64 /* GameModeGeneratorView.swift */,
				91A76F712C3D2FEB006BAF64 /* VillainGeneratorView.swift */,
			);
			path = Generator;
			sourceTree = "<group>";
		};
/* End PBXGroup section */

/* Begin PBXNativeTarget section */
		91B8D8CF2C2D5EC9007324A2 /* MarvelUnitedRandomGenerator */ = {
			isa = PBXNativeTarget;
			buildConfigurationList = 91B8D8E02C2D5ECA007324A2 /* Build configuration list for PBXNativeTarget "MarvelUnitedRandomGenerator" */;
			buildPhases = (
				91B8D8CC2C2D5EC9007324A2 /* Sources */,
				91B8D8CD2C2D5EC9007324A2 /* Frameworks */,
				91B8D8CE2C2D5EC9007324A2 /* Resources */,
			);
			buildRules = (
			);
			dependencies = (
			);
			name = MarvelUnitedRandomGenerator;
			productName = MarvelUnitedRandomGenerator;
			productReference = 91B8D8D02C2D5EC9007324A2 /* MarvelUnitedRandomGenerator.app */;
			productType = "com.apple.product-type.application";
		};
/* End PBXNativeTarget section */

/* Begin PBXProject section */
		91B8D8C82C2D5EC9007324A2 /* Project object */ = {
			isa = PBXProject;
			attributes = {
				BuildIndependentTargetsInParallel = 1;
				LastSwiftUpdateCheck = 1540;
				LastUpgradeCheck = 1540;
				TargetAttributes = {
					91B8D8CF2C2D5EC9007324A2 = {
						CreatedOnToolsVersion = 15.4;
					};
				};
			};
			buildConfigurationList = 91B8D8CB2C2D5EC9007324A2 /* Build configuration list for PBXProject "MarvelUnitedRandomGenerator" */;
			compatibilityVersion = "Xcode 14.0";
			developmentRegion = en;
			hasScannedForEncodings = 0;
			knownRegions = (
				en,
				Base,
			);
			mainGroup = 91B8D8C72C2D5EC9007324A2;
			productRefGroup = 91B8D8D12C2D5EC9007324A2 /* Products */;
			projectDirPath = "";
			projectRoot = "";
			targets = (
				91B8D8CF2C2D5EC9007324A2 /* MarvelUnitedRandomGenerator */,
			);
		};
/* End PBXProject section */

/* Begin PBXResourcesBuildPhase section */
		91B8D8CE2C2D5EC9007324A2 /* Resources */ = {
			isa = PBXResourcesBuildPhase;
			buildActionMask = 2147483647;
			files = (
				91B8D8DD2C2D5ECA007324A2 /* Preview Assets.xcassets in Resources */,
				91B8D8DA2C2D5ECA007324A2 /* Assets.xcassets in Resources */,
			);
			runOnlyForDeploymentPostprocessing = 0;
		};
/* End PBXResourcesBuildPhase section */

/* Begin PBXSourcesBuildPhase section */
		91B8D8CC2C2D5EC9007324A2 /* Sources */ = {
			isa = PBXSourcesBuildPhase;
			buildActionMask = 2147483647;
			files = (
				91B8D91C2C3541D0007324A2 /* LoadingHanlder.swift in Sources */,
				91B8D9232C3789AF007324A2 /* PreviewModelContainer.swift in Sources */,
				91A76F722C3D2FEB006BAF64 /* VillainGeneratorView.swift in Sources */,
				91B8D9282C379D42007324A2 /* LocationGeneratorView.swift in Sources */,
				91A76F882C3E8BCA006BAF64 /* DataUtil.swift in Sources */,
				91B8D9122C340628007324A2 /* GeneratorView.swift in Sources */,
				91B8D8F62C33E29C007324A2 /* AlertHandler.swift in Sources */,
				91B8D9102C34060E007324A2 /* ListView.swift in Sources */,
				91A76F842C3E85F1006BAF64 /* DataType.swift in Sources */,
				91B8D9092C33F4A3007324A2 /* Location.swift in Sources */,
				91B8D9032C33F456007324A2 /* Campaign.swift in Sources */,
				91B8D8D42C2D5EC9007324A2 /* MarvelUnitedRandomGeneratorApp.swift in Sources */,
				91B8D8F42C33E267007324A2 /* MainView.swift in Sources */,
				91A76F6E2C3CE244006BAF64 /* GameModeGeneratorView.swift in Sources */,
				91B8D8F82C33EB09007324A2 /* Hero.swift in Sources */,
				91B8D9052C33F472007324A2 /* Companion.swift in Sources */,
				91A3872F2C44F45C00741F37 /* Error.swift in Sources */,
				91B8D92A2C37CDCC007324A2 /* HeroGeneratorView.swift in Sources */,
				91B8D90E2C3405F0007324A2 /* ItemView.swift in Sources */,
				91B8D9152C34EC8B007324A2 /* SubListView.swift in Sources */,
				91A76F862C3E862D006BAF64 /* SelectionList.swift in Sources */,
				91A76F6C2C3BC66B006BAF64 /* ArrayUtils.swift in Sources */,
				91B8D90C2C33F516007324A2 /* GameMode.swift in Sources */,
				91B8D9012C33F41A007324A2 /* Villain.swift in Sources */,
				91B8D9072C33F489007324A2 /* TeamDeck.swift in Sources */,
				91B8D9172C34ED3D007324A2 /* Data.swift in Sources */,
			);
			runOnlyForDeploymentPostprocessing = 0;
		};
/* End PBXSourcesBuildPhase section */

/* Begin XCBuildConfiguration section */
		91B8D8DE2C2D5ECA007324A2 /* Debug */ = {
			isa = XCBuildConfiguration;
			buildSettings = {
				ALWAYS_SEARCH_USER_PATHS = NO;
				ASSETCATALOG_COMPILER_GENERATE_SWIFT_ASSET_SYMBOL_EXTENSIONS = YES;
				CLANG_ANALYZER_NONNULL = YES;
				CLANG_ANALYZER_NUMBER_OBJECT_CONVERSION = YES_AGGRESSIVE;
				CLANG_CXX_LANGUAGE_STANDARD = "gnu++20";
				CLANG_ENABLE_MODULES = YES;
				CLANG_ENABLE_OBJC_ARC = YES;
				CLANG_ENABLE_OBJC_WEAK = YES;
				CLANG_WARN_BLOCK_CAPTURE_AUTORELEASING = YES;
				CLANG_WARN_BOOL_CONVERSION = YES;
				CLANG_WARN_COMMA = YES;
				CLANG_WARN_CONSTANT_CONVERSION = YES;
				CLANG_WARN_DEPRECATED_OBJC_IMPLEMENTATIONS = YES;
				CLANG_WARN_DIRECT_OBJC_ISA_USAGE = YES_ERROR;
				CLANG_WARN_DOCUMENTATION_COMMENTS = YES;
				CLANG_WARN_EMPTY_BODY = YES;
				CLANG_WARN_ENUM_CONVERSION = YES;
				CLANG_WARN_INFINITE_RECURSION = YES;
				CLANG_WARN_INT_CONVERSION = YES;
				CLANG_WARN_NON_LITERAL_NULL_CONVERSION = YES;
				CLANG_WARN_OBJC_IMPLICIT_RETAIN_SELF = YES;
				CLANG_WARN_OBJC_LITERAL_CONVERSION = YES;
				CLANG_WARN_OBJC_ROOT_CLASS = YES_ERROR;
				CLANG_WARN_QUOTED_INCLUDE_IN_FRAMEWORK_HEADER = YES;
				CLANG_WARN_RANGE_LOOP_ANALYSIS = YES;
				CLANG_WARN_STRICT_PROTOTYPES = YES;
				CLANG_WARN_SUSPICIOUS_MOVE = YES;
				CLANG_WARN_UNGUARDED_AVAILABILITY = YES_AGGRESSIVE;
				CLANG_WARN_UNREACHABLE_CODE = YES;
				CLANG_WARN__DUPLICATE_METHOD_MATCH = YES;
				COPY_PHASE_STRIP = NO;
				DEBUG_INFORMATION_FORMAT = dwarf;
				ENABLE_STRICT_OBJC_MSGSEND = YES;
				ENABLE_TESTABILITY = YES;
				ENABLE_USER_SCRIPT_SANDBOXING = YES;
				GCC_C_LANGUAGE_STANDARD = gnu17;
				GCC_DYNAMIC_NO_PIC = NO;
				GCC_NO_COMMON_BLOCKS = YES;
				GCC_OPTIMIZATION_LEVEL = 0;
				GCC_PREPROCESSOR_DEFINITIONS = (
					"DEBUG=1",
					"$(inherited)",
				);
				GCC_WARN_64_TO_32_BIT_CONVERSION = YES;
				GCC_WARN_ABOUT_RETURN_TYPE = YES_ERROR;
				GCC_WARN_UNDECLARED_SELECTOR = YES;
				GCC_WARN_UNINITIALIZED_AUTOS = YES_AGGRESSIVE;
				GCC_WARN_UNUSED_FUNCTION = YES;
				GCC_WARN_UNUSED_VARIABLE = YES;
				IPHONEOS_DEPLOYMENT_TARGET = 17.5;
				LOCALIZATION_PREFERS_STRING_CATALOGS = YES;
				MTL_ENABLE_DEBUG_INFO = INCLUDE_SOURCE;
				MTL_FAST_MATH = YES;
				ONLY_ACTIVE_ARCH = YES;
				SDKROOT = iphoneos;
				SWIFT_ACTIVE_COMPILATION_CONDITIONS = "DEBUG $(inherited)";
				SWIFT_OPTIMIZATION_LEVEL = "-Onone";
			};
			name = Debug;
		};
		91B8D8DF2C2D5ECA007324A2 /* Release */ = {
			isa = XCBuildConfiguration;
			buildSettings = {
				ALWAYS_SEARCH_USER_PATHS = NO;
				ASSETCATALOG_COMPILER_GENERATE_SWIFT_ASSET_SYMBOL_EXTENSIONS = YES;
				CLANG_ANALYZER_NONNULL = YES;
				CLANG_ANALYZER_NUMBER_OBJECT_CONVERSION = YES_AGGRESSIVE;
				CLANG_CXX_LANGUAGE_STANDARD = "gnu++20";
				CLANG_ENABLE_MODULES = YES;
				CLANG_ENABLE_OBJC_ARC = YES;
				CLANG_ENABLE_OBJC_WEAK = YES;
				CLANG_WARN_BLOCK_CAPTURE_AUTORELEASING = YES;
				CLANG_WARN_BOOL_CONVERSION = YES;
				CLANG_WARN_COMMA = YES;
				CLANG_WARN_CONSTANT_CONVERSION = YES;
				CLANG_WARN_DEPRECATED_OBJC_IMPLEMENTATIONS = YES;
				CLANG_WARN_DIRECT_OBJC_ISA_USAGE = YES_ERROR;
				CLANG_WARN_DOCUMENTATION_COMMENTS = YES;
				CLANG_WARN_EMPTY_BODY = YES;
				CLANG_WARN_ENUM_CONVERSION = YES;
				CLANG_WARN_INFINITE_RECURSION = YES;
				CLANG_WARN_INT_CONVERSION = YES;
				CLANG_WARN_NON_LITERAL_NULL_CONVERSION = YES;
				CLANG_WARN_OBJC_IMPLICIT_RETAIN_SELF = YES;
				CLANG_WARN_OBJC_LITERAL_CONVERSION = YES;
				CLANG_WARN_OBJC_ROOT_CLASS = YES_ERROR;
				CLANG_WARN_QUOTED_INCLUDE_IN_FRAMEWORK_HEADER = YES;
				CLANG_WARN_RANGE_LOOP_ANALYSIS = YES;
				CLANG_WARN_STRICT_PROTOTYPES = YES;
				CLANG_WARN_SUSPICIOUS_MOVE = YES;
				CLANG_WARN_UNGUARDED_AVAILABILITY = YES_AGGRESSIVE;
				CLANG_WARN_UNREACHABLE_CODE = YES;
				CLANG_WARN__DUPLICATE_METHOD_MATCH = YES;
				COPY_PHASE_STRIP = NO;
				DEBUG_INFORMATION_FORMAT = "dwarf-with-dsym";
				ENABLE_NS_ASSERTIONS = NO;
				ENABLE_STRICT_OBJC_MSGSEND = YES;
				ENABLE_USER_SCRIPT_SANDBOXING = YES;
				GCC_C_LANGUAGE_STANDARD = gnu17;
				GCC_NO_COMMON_BLOCKS = YES;
				GCC_WARN_64_TO_32_BIT_CONVERSION = YES;
				GCC_WARN_ABOUT_RETURN_TYPE = YES_ERROR;
				GCC_WARN_UNDECLARED_SELECTOR = YES;
				GCC_WARN_UNINITIALIZED_AUTOS = YES_AGGRESSIVE;
				GCC_WARN_UNUSED_FUNCTION = YES;
				GCC_WARN_UNUSED_VARIABLE = YES;
				IPHONEOS_DEPLOYMENT_TARGET = 17.5;
				LOCALIZATION_PREFERS_STRING_CATALOGS = YES;
				MTL_ENABLE_DEBUG_INFO = NO;
				MTL_FAST_MATH = YES;
				SDKROOT = iphoneos;
				SWIFT_COMPILATION_MODE = wholemodule;
				VALIDATE_PRODUCT = YES;
			};
			name = Release;
		};
		91B8D8E12C2D5ECA007324A2 /* Debug */ = {
			isa = XCBuildConfiguration;
			buildSettings = {
				ASSETCATALOG_COMPILER_APPICON_NAME = AppIcon;
				ASSETCATALOG_COMPILER_GLOBAL_ACCENT_COLOR_NAME = AccentColor;
				CODE_SIGN_STYLE = Automatic;
				CURRENT_PROJECT_VERSION = 1;
				DEVELOPMENT_ASSET_PATHS = "\"MarvelUnitedRandomGenerator/Preview Content\"";
				DEVELOPMENT_TEAM = 4GZR9W59M5;
				ENABLE_PREVIEWS = YES;
				GENERATE_INFOPLIST_FILE = YES;
				INFOPLIST_KEY_UIApplicationSceneManifest_Generation = YES;
				INFOPLIST_KEY_UIApplicationSupportsIndirectInputEvents = YES;
				INFOPLIST_KEY_UILaunchScreen_Generation = YES;
				INFOPLIST_KEY_UISupportedInterfaceOrientations_iPad = "UIInterfaceOrientationPortrait UIInterfaceOrientationPortraitUpsideDown UIInterfaceOrientationLandscapeLeft UIInterfaceOrientationLandscapeRight";
				INFOPLIST_KEY_UISupportedInterfaceOrientations_iPhone = "UIInterfaceOrientationPortrait UIInterfaceOrientationLandscapeLeft UIInterfaceOrientationLandscapeRight";
				LD_RUNPATH_SEARCH_PATHS = (
					"$(inherited)",
					"@executable_path/Frameworks",
				);
				MARKETING_VERSION = 1.0;
				PRODUCT_BUNDLE_IDENTIFIER = ianlau.MarvelUnitedRandomGenerator;
				PRODUCT_NAME = "$(TARGET_NAME)";
				SWIFT_EMIT_LOC_STRINGS = YES;
				SWIFT_VERSION = 5.0;
				TARGETED_DEVICE_FAMILY = "1,2";
			};
			name = Debug;
		};
		91B8D8E22C2D5ECA007324A2 /* Release */ = {
			isa = XCBuildConfiguration;
			buildSettings = {
				ASSETCATALOG_COMPILER_APPICON_NAME = AppIcon;
				ASSETCATALOG_COMPILER_GLOBAL_ACCENT_COLOR_NAME = AccentColor;
				CODE_SIGN_STYLE = Automatic;
				CURRENT_PROJECT_VERSION = 1;
				DEVELOPMENT_ASSET_PATHS = "\"MarvelUnitedRandomGenerator/Preview Content\"";
				DEVELOPMENT_TEAM = 4GZR9W59M5;
				ENABLE_PREVIEWS = YES;
				GENERATE_INFOPLIST_FILE = YES;
				INFOPLIST_KEY_UIApplicationSceneManifest_Generation = YES;
				INFOPLIST_KEY_UIApplicationSupportsIndirectInputEvents = YES;
				INFOPLIST_KEY_UILaunchScreen_Generation = YES;
				INFOPLIST_KEY_UISupportedInterfaceOrientations_iPad = "UIInterfaceOrientationPortrait UIInterfaceOrientationPortraitUpsideDown UIInterfaceOrientationLandscapeLeft UIInterfaceOrientationLandscapeRight";
				INFOPLIST_KEY_UISupportedInterfaceOrientations_iPhone = "UIInterfaceOrientationPortrait UIInterfaceOrientationLandscapeLeft UIInterfaceOrientationLandscapeRight";
				LD_RUNPATH_SEARCH_PATHS = (
					"$(inherited)",
					"@executable_path/Frameworks",
				);
				MARKETING_VERSION = 1.0;
				PRODUCT_BUNDLE_IDENTIFIER = ianlau.MarvelUnitedRandomGenerator;
				PRODUCT_NAME = "$(TARGET_NAME)";
				SWIFT_EMIT_LOC_STRINGS = YES;
				SWIFT_VERSION = 5.0;
				TARGETED_DEVICE_FAMILY = "1,2";
			};
			name = Release;
		};
/* End XCBuildConfiguration section */

/* Begin XCConfigurationList section */
		91B8D8CB2C2D5EC9007324A2 /* Build configuration list for PBXProject "MarvelUnitedRandomGenerator" */ = {
			isa = XCConfigurationList;
			buildConfigurations = (
				91B8D8DE2C2D5ECA007324A2 /* Debug */,
				91B8D8DF2C2D5ECA007324A2 /* Release */,
			);
			defaultConfigurationIsVisible = 0;
			defaultConfigurationName = Release;
		};
		91B8D8E02C2D5ECA007324A2 /* Build configuration list for PBXNativeTarget "MarvelUnitedRandomGenerator" */ = {
			isa = XCConfigurationList;
			buildConfigurations = (
				91B8D8E12C2D5ECA007324A2 /* Debug */,
				91B8D8E22C2D5ECA007324A2 /* Release */,
			);
			defaultConfigurationIsVisible = 0;
			defaultConfigurationName = Release;
		};
/* End XCConfigurationList section */
	};
	rootObject = 91B8D8C82C2D5EC9007324A2 /* Project object */;
}
